// !$*UTF8*$!
{
	archiveVersion = 1;
	classes = {
	};
	objectVersion = 46;
	objects = {

/* Begin PBXBuildFile section */
		20085F5A194B8244000EBB0A /* AppDelegate.swift in Sources */ = {isa = PBXBuildFile; fileRef = 20085F59194B8244000EBB0A /* AppDelegate.swift */; };
		20085F5C194B8244000EBB0A /* FirstViewController.swift in Sources */ = {isa = PBXBuildFile; fileRef = 20085F5B194B8244000EBB0A /* FirstViewController.swift */; };
		20085F5E194B8244000EBB0A /* SecondViewController.swift in Sources */ = {isa = PBXBuildFile; fileRef = 20085F5D194B8244000EBB0A /* SecondViewController.swift */; };
		20085F61194B8244000EBB0A /* Main.storyboard in Resources */ = {isa = PBXBuildFile; fileRef = 20085F5F194B8244000EBB0A /* Main.storyboard */; };
		20085F63194B8244000EBB0A /* Images.xcassets in Resources */ = {isa = PBXBuildFile; fileRef = 20085F62194B8244000EBB0A /* Images.xcassets */; };
		20085F6F194B8244000EBB0A /* planit_iosTests.swift in Sources */ = {isa = PBXBuildFile; fileRef = 20085F6E194B8244000EBB0A /* planit_iosTests.swift */; };
		20085F79194B827E000EBB0A /* ActivityManager.swift in Sources */ = {isa = PBXBuildFile; fileRef = 20085F78194B827E000EBB0A /* ActivityManager.swift */; };
		20267182194CCC7E008B73FC /* UserTripsViewController.swift in Sources */ = {isa = PBXBuildFile; fileRef = 20267181194CCC7E008B73FC /* UserTripsViewController.swift */; };
		20C77309194CC6D900CD641E /* ThirdViewController.swift in Sources */ = {isa = PBXBuildFile; fileRef = 20C77308194CC6D900CD641E /* ThirdViewController.swift */; };
/* End PBXBuildFile section */

/* Begin PBXContainerItemProxy section */
		20085F69194B8244000EBB0A /* PBXContainerItemProxy */ = {
			isa = PBXContainerItemProxy;
			containerPortal = 20085F4C194B8244000EBB0A /* Project object */;
			proxyType = 1;
			remoteGlobalIDString = 20085F53194B8244000EBB0A;
			remoteInfo = planit_ios;
		};
/* End PBXContainerItemProxy section */

/* Begin PBXFileReference section */
		20085F54194B8244000EBB0A /* planit_ios.app */ = {isa = PBXFileReference; explicitFileType = wrapper.application; includeInIndex = 0; path = planit_ios.app; sourceTree = BUILT_PRODUCTS_DIR; };
		20085F58194B8244000EBB0A /* Info.plist */ = {isa = PBXFileReference; lastKnownFileType = text.plist.xml; path = Info.plist; sourceTree = "<group>"; };
		20085F59194B8244000EBB0A /* AppDelegate.swift */ = {isa = PBXFileReference; lastKnownFileType = sourcecode.swift; path = AppDelegate.swift; sourceTree = "<group>"; };
		20085F5B194B8244000EBB0A /* FirstViewController.swift */ = {isa = PBXFileReference; lastKnownFileType = sourcecode.swift; path = FirstViewController.swift; sourceTree = "<group>"; };
		20085F5D194B8244000EBB0A /* SecondViewController.swift */ = {isa = PBXFileReference; lastKnownFileType = sourcecode.swift; path = SecondViewController.swift; sourceTree = "<group>"; };
		20085F60194B8244000EBB0A /* Base */ = {isa = PBXFileReference; lastKnownFileType = file.storyboard; name = Base; path = Base.lproj/Main.storyboard; sourceTree = "<group>"; };
		20085F62194B8244000EBB0A /* Images.xcassets */ = {isa = PBXFileReference; lastKnownFileType = folder.assetcatalog; path = Images.xcassets; sourceTree = "<group>"; };
		20085F68194B8244000EBB0A /* planit_iosTests.xctest */ = {isa = PBXFileReference; explicitFileType = wrapper.cfbundle; includeInIndex = 0; path = planit_iosTests.xctest; sourceTree = BUILT_PRODUCTS_DIR; };
		20085F6D194B8244000EBB0A /* Info.plist */ = {isa = PBXFileReference; lastKnownFileType = text.plist.xml; path = Info.plist; sourceTree = "<group>"; };
		20085F6E194B8244000EBB0A /* planit_iosTests.swift */ = {isa = PBXFileReference; lastKnownFileType = sourcecode.swift; path = planit_iosTests.swift; sourceTree = "<group>"; };
		20085F78194B827E000EBB0A /* ActivityManager.swift */ = {isa = PBXFileReference; fileEncoding = 4; lastKnownFileType = sourcecode.swift; path = ActivityManager.swift; sourceTree = "<group>"; };
		20267181194CCC7E008B73FC /* UserTripsViewController.swift */ = {isa = PBXFileReference; fileEncoding = 4; lastKnownFileType = sourcecode.swift; path = UserTripsViewController.swift; sourceTree = "<group>"; };
		20C77308194CC6D900CD641E /* ThirdViewController.swift */ = {isa = PBXFileReference; fileEncoding = 4; lastKnownFileType = sourcecode.swift; path = ThirdViewController.swift; sourceTree = "<group>"; };
/* End PBXFileReference section */

/* Begin PBXFrameworksBuildPhase section */
		20085F51194B8244000EBB0A /* Frameworks */ = {
			isa = PBXFrameworksBuildPhase;
			buildActionMask = 2147483647;
			files = (
			);
			runOnlyForDeploymentPostprocessing = 0;
		};
		20085F65194B8244000EBB0A /* Frameworks */ = {
			isa = PBXFrameworksBuildPhase;
			buildActionMask = 2147483647;
			files = (
			);
			runOnlyForDeploymentPostprocessing = 0;
		};
/* End PBXFrameworksBuildPhase section */

/* Begin PBXGroup section */
		20085F4B194B8244000EBB0A = {
			isa = PBXGroup;
			children = (
				20085F56194B8244000EBB0A /* planit_ios */,
				20085F6B194B8244000EBB0A /* planit_iosTests */,
				20085F55194B8244000EBB0A /* Products */,
			);
			sourceTree = "<group>";
		};
		20085F55194B8244000EBB0A /* Products */ = {
			isa = PBXGroup;
			children = (
				20085F54194B8244000EBB0A /* planit_ios.app */,
				20085F68194B8244000EBB0A /* planit_iosTests.xctest */,
			);
			name = Products;
			sourceTree = "<group>";
		};
		20085F56194B8244000EBB0A /* planit_ios */ = {
			isa = PBXGroup;
			children = (
				20085F59194B8244000EBB0A /* AppDelegate.swift */,
				20085F5B194B8244000EBB0A /* FirstViewController.swift */,
				20267181194CCC7E008B73FC /* UserTripsViewController.swift */,
				20085F5D194B8244000EBB0A /* SecondViewController.swift */,
				20C77308194CC6D900CD641E /* ThirdViewController.swift */,
				20085F78194B827E000EBB0A /* ActivityManager.swift */,
				20085F5F194B8244000EBB0A /* Main.storyboard */,
				20085F62194B8244000EBB0A /* Images.xcassets */,
				20085F57194B8244000EBB0A /* Supporting Files */,
			);
			path = planit_ios;
			sourceTree = "<group>";
		};
		20085F57194B8244000EBB0A /* Supporting Files */ = {
			isa = PBXGroup;
			children = (
				20085F58194B8244000EBB0A /* Info.plist */,
			);
			name = "Supporting Files";
			sourceTree = "<group>";
		};
		20085F6B194B8244000EBB0A /* planit_iosTests */ = {
			isa = PBXGroup;
			children = (
				20085F6E194B8244000EBB0A /* planit_iosTests.swift */,
				20085F6C194B8244000EBB0A /* Supporting Files */,
			);
			path = planit_iosTests;
			sourceTree = "<group>";
		};
		20085F6C194B8244000EBB0A /* Supporting Files */ = {
			isa = PBXGroup;
			children = (
				20085F6D194B8244000EBB0A /* Info.plist */,
			);
			name = "Supporting Files";
			sourceTree = "<group>";
		};
/* End PBXGroup section */

/* Begin PBXNativeTarget section */
		20085F53194B8244000EBB0A /* planit_ios */ = {
			isa = PBXNativeTarget;
			buildConfigurationList = 20085F72194B8244000EBB0A /* Build configuration list for PBXNativeTarget "planit_ios" */;
			buildPhases = (
				20085F50194B8244000EBB0A /* Sources */,
				20085F51194B8244000EBB0A /* Frameworks */,
				20085F52194B8244000EBB0A /* Resources */,
			);
			buildRules = (
			);
			dependencies = (
			);
			name = planit_ios;
			productName = planit_ios;
			productReference = 20085F54194B8244000EBB0A /* planit_ios.app */;
			productType = "com.apple.product-type.application";
		};
		20085F67194B8244000EBB0A /* planit_iosTests */ = {
			isa = PBXNativeTarget;
			buildConfigurationList = 20085F75194B8244000EBB0A /* Build configuration list for PBXNativeTarget "planit_iosTests" */;
			buildPhases = (
				20085F64194B8244000EBB0A /* Sources */,
				20085F65194B8244000EBB0A /* Frameworks */,
				20085F66194B8244000EBB0A /* Resources */,
			);
			buildRules = (
			);
			dependencies = (
				20085F6A194B8244000EBB0A /* PBXTargetDependency */,
			);
			name = planit_iosTests;
			productName = planit_iosTests;
			productReference = 20085F68194B8244000EBB0A /* planit_iosTests.xctest */;
			productType = "com.apple.product-type.bundle.unit-test";
		};
/* End PBXNativeTarget section */

/* Begin PBXProject section */
		20085F4C194B8244000EBB0A /* Project object */ = {
			isa = PBXProject;
			attributes = {
				LastUpgradeCheck = 0600;
				ORGANIZATIONNAME = "Dusty Wilson";
				TargetAttributes = {
					20085F53194B8244000EBB0A = {
						CreatedOnToolsVersion = 6.0;
					};
					20085F67194B8244000EBB0A = {
						CreatedOnToolsVersion = 6.0;
						TestTargetID = 20085F53194B8244000EBB0A;
					};
				};
			};
			buildConfigurationList = 20085F4F194B8244000EBB0A /* Build configuration list for PBXProject "planit_ios" */;
			compatibilityVersion = "Xcode 3.2";
			developmentRegion = English;
			hasScannedForEncodings = 0;
			knownRegions = (
				en,
				Base,
			);
			mainGroup = 20085F4B194B8244000EBB0A;
			productRefGroup = 20085F55194B8244000EBB0A /* Products */;
			projectDirPath = "";
			projectRoot = "";
			targets = (
				20085F53194B8244000EBB0A /* planit_ios */,
				20085F67194B8244000EBB0A /* planit_iosTests */,
			);
		};
/* End PBXProject section */

/* Begin PBXResourcesBuildPhase section */
		20085F52194B8244000EBB0A /* Resources */ = {
			isa = PBXResourcesBuildPhase;
			buildActionMask = 2147483647;
			files = (
				20085F61194B8244000EBB0A /* Main.storyboard in Resources */,
				20085F63194B8244000EBB0A /* Images.xcassets in Resources */,
			);
			runOnlyForDeploymentPostprocessing = 0;
		};
		20085F66194B8244000EBB0A /* Resources */ = {
			isa = PBXResourcesBuildPhase;
			buildActionMask = 2147483647;
			files = (
			);
			runOnlyForDeploymentPostprocessing = 0;
		};
/* End PBXResourcesBuildPhase section */

/* Begin PBXSourcesBuildPhase section */
		20085F50194B8244000EBB0A /* Sources */ = {
			isa = PBXSourcesBuildPhase;
			buildActionMask = 2147483647;
			files = (
				20267182194CCC7E008B73FC /* UserTripsViewController.swift in Sources */,
				20085F79194B827E000EBB0A /* ActivityManager.swift in Sources */,
				20085F5E194B8244000EBB0A /* SecondViewController.swift in Sources */,
				20C77309194CC6D900CD641E /* ThirdViewController.swift in Sources */,
				20085F5A194B8244000EBB0A /* AppDelegate.swift in Sources */,
				20085F5C194B8244000EBB0A /* FirstViewController.swift in Sources */,
			);
			runOnlyForDeploymentPostprocessing = 0;
		};
		20085F64194B8244000EBB0A /* Sources */ = {
			isa = PBXSourcesBuildPhase;
			buildActionMask = 2147483647;
			files = (
				20085F6F194B8244000EBB0A /* planit_iosTests.swift in Sources */,
			);
			runOnlyForDeploymentPostprocessing = 0;
		};
/* End PBXSourcesBuildPhase section */

/* Begin PBXTargetDependency section */
		20085F6A194B8244000EBB0A /* PBXTargetDependency */ = {
			isa = PBXTargetDependency;
			target = 20085F53194B8244000EBB0A /* planit_ios */;
			targetProxy = 20085F69194B8244000EBB0A /* PBXContainerItemProxy */;
		};
/* End PBXTargetDependency section */

/* Begin PBXVariantGroup section */
		20085F5F194B8244000EBB0A /* Main.storyboard */ = {
			isa = PBXVariantGroup;
			children = (
				20085F60194B8244000EBB0A /* Base */,
			);
			name = Main.storyboard;
			sourceTree = "<group>";
		};
/* End PBXVariantGroup section */

/* Begin XCBuildConfiguration section */
		20085F70194B8244000EBB0A /* Debug */ = {
			isa = XCBuildConfiguration;
			buildSettings = {
				ALWAYS_SEARCH_USER_PATHS = NO;
				CLANG_CXX_LANGUAGE_STANDARD = "gnu++0x";
				CLANG_CXX_LIBRARY = "libc++";
				CLANG_ENABLE_MODULES = YES;
				CLANG_ENABLE_OBJC_ARC = YES;
				CLANG_WARN_BOOL_CONVERSION = YES;
				CLANG_WARN_CONSTANT_CONVERSION = YES;
				CLANG_WARN_DIRECT_OBJC_ISA_USAGE = YES_ERROR;
				CLANG_WARN_EMPTY_BODY = YES;
				CLANG_WARN_ENUM_CONVERSION = YES;
				CLANG_WARN_INT_CONVERSION = YES;
				CLANG_WARN_OBJC_ROOT_CLASS = YES_ERROR;
				CLANG_WARN_UNREACHABLE_CODE = YES;
				CLANG_WARN__DUPLICATE_METHOD_MATCH = YES;
				"CODE_SIGN_IDENTITY[sdk=iphoneos*]" = "iPhone Developer";
				COPY_PHASE_STRIP = NO;
				ENABLE_STRICT_OBJC_MSGSEND = YES;
				GCC_C_LANGUAGE_STANDARD = gnu99;
				GCC_DYNAMIC_NO_PIC = NO;
				GCC_OPTIMIZATION_LEVEL = 0;
				GCC_PREPROCESSOR_DEFINITIONS = (
					"DEBUG=1",
					"$(inherited)",
				);
				GCC_SYMBOLS_PRIVATE_EXTERN = NO;
				GCC_WARN_64_TO_32_BIT_CONVERSION = YES;
				GCC_WARN_ABOUT_RETURN_TYPE = YES_ERROR;
				GCC_WARN_UNDECLARED_SELECTOR = YES;
				GCC_WARN_UNINITIALIZED_AUTOS = YES_AGGRESSIVE;
				GCC_WARN_UNUSED_FUNCTION = YES;
				GCC_WARN_UNUSED_VARIABLE = YES;
				IPHONEOS_DEPLOYMENT_TARGET = 8.0;
				METAL_ENABLE_DEBUG_INFO = YES;
				ONLY_ACTIVE_ARCH = YES;
				SDKROOT = iphoneos;
				SWIFT_OPTIMIZATION_LEVEL = "-Onone";
			};
			name = Debug;
		};
		20085F71194B8244000EBB0A /* Release */ = {
			isa = XCBuildConfiguration;
			buildSettings = {
				ALWAYS_SEARCH_USER_PATHS = NO;
				CLANG_CXX_LANGUAGE_STANDARD = "gnu++0x";
				CLANG_CXX_LIBRARY = "libc++";
				CLANG_ENABLE_MODULES = YES;
				CLANG_ENABLE_OBJC_ARC = YES;
				CLANG_WARN_BOOL_CONVERSION = YES;
				CLANG_WARN_CONSTANT_CONVERSION = YES;
				CLANG_WARN_DIRECT_OBJC_ISA_USAGE = YES_ERROR;
				CLANG_WARN_EMPTY_BODY = YES;
				CLANG_WARN_ENUM_CONVERSION = YES;
				CLANG_WARN_INT_CONVERSION = YES;
				CLANG_WARN_OBJC_ROOT_CLASS = YES_ERROR;
				CLANG_WARN_UNREACHABLE_CODE = YES;
				CLANG_WARN__DUPLICATE_METHOD_MATCH = YES;
				"CODE_SIGN_IDENTITY[sdk=iphoneos*]" = "iPhone Developer";
				COPY_PHASE_STRIP = YES;
				ENABLE_NS_ASSERTIONS = NO;
				ENABLE_STRICT_OBJC_MSGSEND = YES;
				GCC_C_LANGUAGE_STANDARD = gnu99;
				GCC_WARN_64_TO_32_BIT_CONVERSION = YES;
				GCC_WARN_ABOUT_RETURN_TYPE = YES_ERROR;
				GCC_WARN_UNDECLARED_SELECTOR = YES;
				GCC_WARN_UNINITIALIZED_AUTOS = YES_AGGRESSIVE;
				GCC_WARN_UNUSED_FUNCTION = YES;
				GCC_WARN_UNUSED_VARIABLE = YES;
				IPHONEOS_DEPLOYMENT_TARGET = 8.0;
				METAL_ENABLE_DEBUG_INFO = NO;
				SDKROOT = iphoneos;
				VALIDATE_PRODUCT = YES;
			};
			name = Release;
		};
		20085F73194B8244000EBB0A /* Debug */ = {
			isa = XCBuildConfiguration;
			buildSettings = {
				ASSETCATALOG_COMPILER_APPICON_NAME = AppIcon;
				ASSETCATALOG_COMPILER_LAUNCHIMAGE_NAME = LaunchImage;
				INFOPLIST_FILE = planit_ios/Info.plist;
				LD_RUNPATH_SEARCH_PATHS = "$(inherited) @executable_path/Frameworks";
				PRODUCT_NAME = "$(TARGET_NAME)";
			};
			name = Debug;
		};
		20085F74194B8244000EBB0A /* Release */ = {
			isa = XCBuildConfiguration;
			buildSettings = {
				ASSETCATALOG_COMPILER_APPICON_NAME = AppIcon;
				ASSETCATALOG_COMPILER_LAUNCHIMAGE_NAME = LaunchImage;
				INFOPLIST_FILE = planit_ios/Info.plist;
				LD_RUNPATH_SEARCH_PATHS = "$(inherited) @executable_path/Frameworks";
				PRODUCT_NAME = "$(TARGET_NAME)";
			};
			name = Release;
		};
		20085F76194B8244000EBB0A /* Debug */ = {
			isa = XCBuildConfiguration;
			buildSettings = {
				BUNDLE_LOADER = "$(BUILT_PRODUCTS_DIR)/planit_ios.app/planit_ios";
				FRAMEWORK_SEARCH_PATHS = (
					"$(SDKROOT)/Developer/Library/Frameworks",
					"$(inherited)",
				);
				GCC_PREPROCESSOR_DEFINITIONS = (
					"DEBUG=1",
					"$(inherited)",
				);
				INFOPLIST_FILE = planit_iosTests/Info.plist;
				LD_RUNPATH_SEARCH_PATHS = "$(inherited) @executable_path/Frameworks @loader_path/Frameworks";
				METAL_ENABLE_DEBUG_INFO = YES;
				PRODUCT_NAME = "$(TARGET_NAME)";
				TEST_HOST = "$(BUNDLE_LOADER)";
			};
			name = Debug;
		};
		20085F77194B8244000EBB0A /* Release */ = {
			isa = XCBuildConfiguration;
			buildSettings = {
				BUNDLE_LOADER = "$(BUILT_PRODUCTS_DIR)/planit_ios.app/planit_ios";
				FRAMEWORK_SEARCH_PATHS = (
					"$(SDKROOT)/Developer/Library/Frameworks",
					"$(inherited)",
				);
				INFOPLIST_FILE = planit_iosTests/Info.plist;
				LD_RUNPATH_SEARCH_PATHS = "$(inherited) @executable_path/Frameworks @loader_path/Frameworks";
				METAL_ENABLE_DEBUG_INFO = NO;
				PRODUCT_NAME = "$(TARGET_NAME)";
				TEST_HOST = "$(BUNDLE_LOADER)";
			};
			name = Release;
		};
/* End XCBuildConfiguration section */

/* Begin XCConfigurationList section */
		20085F4F194B8244000EBB0A /* Build configuration list for PBXProject "planit_ios" */ = {
			isa = XCConfigurationList;
			buildConfigurations = (
				20085F70194B8244000EBB0A /* Debug */,
				20085F71194B8244000EBB0A /* Release */,
			);
			defaultConfigurationIsVisible = 0;
			defaultConfigurationName = Release;
		};
		20085F72194B8244000EBB0A /* Build configuration list for PBXNativeTarget "planit_ios" */ = {
			isa = XCConfigurationList;
			buildConfigurations = (
				20085F73194B8244000EBB0A /* Debug */,
				20085F74194B8244000EBB0A /* Release */,
			);
			defaultConfigurationIsVisible = 0;
			defaultConfigurationName = Release;
		};
		20085F75194B8244000EBB0A /* Build configuration list for PBXNativeTarget "planit_iosTests" */ = {
			isa = XCConfigurationList;
			buildConfigurations = (
				20085F76194B8244000EBB0A /* Debug */,
				20085F77194B8244000EBB0A /* Release */,
			);
			defaultConfigurationIsVisible = 0;
			defaultConfigurationName = Release;
		};
/* End XCConfigurationList section */
	};
	rootObject = 20085F4C194B8244000EBB0A /* Project object */;
}
